// !$*UTF8*$!
{
	archiveVersion = 1;
	classes = {
	};
	objectVersion = 56;
	objects = {

/* Begin PBXBuildFile section */
		00C84844FE4C4F098045153B /* Pods_Messenger.framework in Frameworks */ = {isa = PBXBuildFile; fileRef = D010E625F8EAB2EDB825464C /* Pods_Messenger.framework */; };
		CA01BCFD28D83FE200B87F6C /* LoginViewController.swift in Sources */ = {isa = PBXBuildFile; fileRef = CA01BCFC28D83FE200B87F6C /* LoginViewController.swift */; };
		CA01BCFF28D83FF000B87F6C /* RegisterViewController.swift in Sources */ = {isa = PBXBuildFile; fileRef = CA01BCFE28D83FF000B87F6C /* RegisterViewController.swift */; };
		CA01BD0128D8400300B87F6C /* PhotoViewerViewController.swift in Sources */ = {isa = PBXBuildFile; fileRef = CA01BD0028D8400300B87F6C /* PhotoViewerViewController.swift */; };
		CA01BD0328D8401100B87F6C /* VideoPlayerViewController.swift in Sources */ = {isa = PBXBuildFile; fileRef = CA01BD0228D8401100B87F6C /* VideoPlayerViewController.swift */; };
		CA01BD0528D8402800B87F6C /* NewConversationsViewController.swift in Sources */ = {isa = PBXBuildFile; fileRef = CA01BD0428D8402800B87F6C /* NewConversationsViewController.swift */; };
		CA01BD0828D8454D00B87F6C /* Extensions.swift in Sources */ = {isa = PBXBuildFile; fileRef = CA01BD0728D8454D00B87F6C /* Extensions.swift */; };
		CA08FF6528D96442003026B6 /* DatabaseManager.swift in Sources */ = {isa = PBXBuildFile; fileRef = CA08FF6428D96442003026B6 /* DatabaseManager.swift */; };
		CA08FF6928D9799D003026B6 /* ProfileViewController.swift in Sources */ = {isa = PBXBuildFile; fileRef = CA08FF6828D9799D003026B6 /* ProfileViewController.swift */; };
		CA147BE928DC3B6A009F96E6 /* StorageManager.swift in Sources */ = {isa = PBXBuildFile; fileRef = CA147BE828DC3B6A009F96E6 /* StorageManager.swift */; };
		CA4D6E2228D4579B00004A3A /* AppDelegate.swift in Sources */ = {isa = PBXBuildFile; fileRef = CA4D6E2128D4579B00004A3A /* AppDelegate.swift */; };
		CA4D6E2428D4579B00004A3A /* SceneDelegate.swift in Sources */ = {isa = PBXBuildFile; fileRef = CA4D6E2328D4579B00004A3A /* SceneDelegate.swift */; };
		CA4D6E2628D4579B00004A3A /* ConversationsViewController.swift in Sources */ = {isa = PBXBuildFile; fileRef = CA4D6E2528D4579B00004A3A /* ConversationsViewController.swift */; };
		CA4D6E2928D4579B00004A3A /* Main.storyboard in Resources */ = {isa = PBXBuildFile; fileRef = CA4D6E2728D4579B00004A3A /* Main.storyboard */; };
		CA4D6E2B28D457A200004A3A /* Assets.xcassets in Resources */ = {isa = PBXBuildFile; fileRef = CA4D6E2A28D457A200004A3A /* Assets.xcassets */; };
		CA4D6E2E28D457A200004A3A /* LaunchScreen.storyboard in Resources */ = {isa = PBXBuildFile; fileRef = CA4D6E2C28D457A200004A3A /* LaunchScreen.storyboard */; };
		CA8FCB1E28DAB4D700EEE4A7 /* GoogleService-Info.plist in Resources */ = {isa = PBXBuildFile; fileRef = CA8FCB1D28DAB4D700EEE4A7 /* GoogleService-Info.plist */; };
		CA94B14E28DC037600584CE4 /* ChatViewController.swift in Sources */ = {isa = PBXBuildFile; fileRef = CA94B14D28DC037600584CE4 /* ChatViewController.swift */; };
/* End PBXBuildFile section */

/* Begin PBXFileReference section */
		8D57AA53454F4E2387823098 /* Pods-Messenger.release.xcconfig */ = {isa = PBXFileReference; includeInIndex = 1; lastKnownFileType = text.xcconfig; name = "Pods-Messenger.release.xcconfig"; path = "Target Support Files/Pods-Messenger/Pods-Messenger.release.xcconfig"; sourceTree = "<group>"; };
		C430F7AA0608B15E1322FF16 /* Pods-Messenger.debug.xcconfig */ = {isa = PBXFileReference; includeInIndex = 1; lastKnownFileType = text.xcconfig; name = "Pods-Messenger.debug.xcconfig"; path = "Target Support Files/Pods-Messenger/Pods-Messenger.debug.xcconfig"; sourceTree = "<group>"; };
		CA01BCFC28D83FE200B87F6C /* LoginViewController.swift */ = {isa = PBXFileReference; lastKnownFileType = sourcecode.swift; path = LoginViewController.swift; sourceTree = "<group>"; };
		CA01BCFE28D83FF000B87F6C /* RegisterViewController.swift */ = {isa = PBXFileReference; lastKnownFileType = sourcecode.swift; path = RegisterViewController.swift; sourceTree = "<group>"; };
		CA01BD0028D8400300B87F6C /* PhotoViewerViewController.swift */ = {isa = PBXFileReference; lastKnownFileType = sourcecode.swift; path = PhotoViewerViewController.swift; sourceTree = "<group>"; };
		CA01BD0228D8401100B87F6C /* VideoPlayerViewController.swift */ = {isa = PBXFileReference; lastKnownFileType = sourcecode.swift; path = VideoPlayerViewController.swift; sourceTree = "<group>"; };
		CA01BD0428D8402800B87F6C /* NewConversationsViewController.swift */ = {isa = PBXFileReference; lastKnownFileType = sourcecode.swift; path = NewConversationsViewController.swift; sourceTree = "<group>"; };
		CA01BD0728D8454D00B87F6C /* Extensions.swift */ = {isa = PBXFileReference; lastKnownFileType = sourcecode.swift; path = Extensions.swift; sourceTree = "<group>"; };
		CA08FF6428D96442003026B6 /* DatabaseManager.swift */ = {isa = PBXFileReference; lastKnownFileType = sourcecode.swift; path = DatabaseManager.swift; sourceTree = "<group>"; };
		CA08FF6828D9799D003026B6 /* ProfileViewController.swift */ = {isa = PBXFileReference; lastKnownFileType = sourcecode.swift; path = ProfileViewController.swift; sourceTree = "<group>"; };
		CA08FF6A28D99333003026B6 /* Messenger.entitlements */ = {isa = PBXFileReference; lastKnownFileType = text.plist.entitlements; path = Messenger.entitlements; sourceTree = "<group>"; };
		CA147BE828DC3B6A009F96E6 /* StorageManager.swift */ = {isa = PBXFileReference; lastKnownFileType = sourcecode.swift; path = StorageManager.swift; sourceTree = "<group>"; };
		CA4D6E1E28D4579B00004A3A /* Messenger.app */ = {isa = PBXFileReference; explicitFileType = wrapper.application; includeInIndex = 0; path = Messenger.app; sourceTree = BUILT_PRODUCTS_DIR; };
		CA4D6E2128D4579B00004A3A /* AppDelegate.swift */ = {isa = PBXFileReference; lastKnownFileType = sourcecode.swift; path = AppDelegate.swift; sourceTree = "<group>"; };
		CA4D6E2328D4579B00004A3A /* SceneDelegate.swift */ = {isa = PBXFileReference; lastKnownFileType = sourcecode.swift; path = SceneDelegate.swift; sourceTree = "<group>"; };
		CA4D6E2528D4579B00004A3A /* ConversationsViewController.swift */ = {isa = PBXFileReference; lastKnownFileType = sourcecode.swift; path = ConversationsViewController.swift; sourceTree = "<group>"; };
		CA4D6E2828D4579B00004A3A /* Base */ = {isa = PBXFileReference; lastKnownFileType = file.storyboard; name = Base; path = Base.lproj/Main.storyboard; sourceTree = "<group>"; };
		CA4D6E2A28D457A200004A3A /* Assets.xcassets */ = {isa = PBXFileReference; lastKnownFileType = folder.assetcatalog; path = Assets.xcassets; sourceTree = "<group>"; };
		CA4D6E2D28D457A200004A3A /* Base */ = {isa = PBXFileReference; lastKnownFileType = file.storyboard; name = Base; path = Base.lproj/LaunchScreen.storyboard; sourceTree = "<group>"; };
		CA4D6E2F28D457A200004A3A /* Info.plist */ = {isa = PBXFileReference; lastKnownFileType = text.plist.xml; path = Info.plist; sourceTree = "<group>"; };
		CA8FCB1D28DAB4D700EEE4A7 /* GoogleService-Info.plist */ = {isa = PBXFileReference; fileEncoding = 4; lastKnownFileType = text.plist.xml; path = "GoogleService-Info.plist"; sourceTree = "<group>"; };
		CA94B14D28DC037600584CE4 /* ChatViewController.swift */ = {isa = PBXFileReference; lastKnownFileType = sourcecode.swift; path = ChatViewController.swift; sourceTree = "<group>"; };
		D010E625F8EAB2EDB825464C /* Pods_Messenger.framework */ = {isa = PBXFileReference; explicitFileType = wrapper.framework; includeInIndex = 0; path = Pods_Messenger.framework; sourceTree = BUILT_PRODUCTS_DIR; };
/* End PBXFileReference section */

/* Begin PBXFrameworksBuildPhase section */
		CA4D6E1B28D4579B00004A3A /* Frameworks */ = {
			isa = PBXFrameworksBuildPhase;
			buildActionMask = 2147483647;
			files = (
				00C84844FE4C4F098045153B /* Pods_Messenger.framework in Frameworks */,
			);
			runOnlyForDeploymentPostprocessing = 0;
		};
/* End PBXFrameworksBuildPhase section */

/* Begin PBXGroup section */
		727ACED25077D6968057895F /* Frameworks */ = {
			isa = PBXGroup;
			children = (
				D010E625F8EAB2EDB825464C /* Pods_Messenger.framework */,
			);
			name = Frameworks;
			sourceTree = "<group>";
		};
		CA01BD0628D840FE00B87F6C /* Login */ = {
			isa = PBXGroup;
			children = (
				CA01BCFC28D83FE200B87F6C /* LoginViewController.swift */,
				CA01BCFE28D83FF000B87F6C /* RegisterViewController.swift */,
			);
			path = Login;
			sourceTree = "<group>";
		};
		CA4D6E1528D4579B00004A3A = {
			isa = PBXGroup;
			children = (
				CA4D6E2028D4579B00004A3A /* Messenger */,
				CA4D6E1F28D4579B00004A3A /* Products */,
				D9C06BE7F71801F0BE1C9217 /* Pods */,
				727ACED25077D6968057895F /* Frameworks */,
			);
			sourceTree = "<group>";
		};
		CA4D6E1F28D4579B00004A3A /* Products */ = {
			isa = PBXGroup;
			children = (
				CA4D6E1E28D4579B00004A3A /* Messenger.app */,
			);
			name = Products;
			sourceTree = "<group>";
		};
		CA4D6E2028D4579B00004A3A /* Messenger */ = {
			isa = PBXGroup;
			children = (
				CA08FF6A28D99333003026B6 /* Messenger.entitlements */,
				CA8FCB1D28DAB4D700EEE4A7 /* GoogleService-Info.plist */,
				CA4D6E3828D46BDD00004A3A /* Resources */,
				CA4D6E3728D4653E00004A3A /* Models */,
				CA4D6E3628D4653600004A3A /* Views */,
				CA4D6E3528D4652A00004A3A /* Controllers */,
				CA4D6E2F28D457A200004A3A /* Info.plist */,
			);
			path = Messenger;
			sourceTree = "<group>";
		};
		CA4D6E3528D4652A00004A3A /* Controllers */ = {
			isa = PBXGroup;
			children = (
				CA4D6E2528D4579B00004A3A /* ConversationsViewController.swift */,
				CA01BD0628D840FE00B87F6C /* Login */,
				CA01BD0028D8400300B87F6C /* PhotoViewerViewController.swift */,
				CA01BD0228D8401100B87F6C /* VideoPlayerViewController.swift */,
				CA01BD0428D8402800B87F6C /* NewConversationsViewController.swift */,
				CA08FF6828D9799D003026B6 /* ProfileViewController.swift */,
				CA94B14D28DC037600584CE4 /* ChatViewController.swift */,
			);
			path = Controllers;
			sourceTree = "<group>";
		};
		CA4D6E3628D4653600004A3A /* Views */ = {
			isa = PBXGroup;
			children = (
				CA4D6E3928D8160600004A3A /* Storyboards */,
				CA4D6E2A28D457A200004A3A /* Assets.xcassets */,
			);
			path = Views;
			sourceTree = "<group>";
		};
		CA4D6E3728D4653E00004A3A /* Models */ = {
			isa = PBXGroup;
			children = (
			);
			path = Models;
			sourceTree = "<group>";
		};
		CA4D6E3828D46BDD00004A3A /* Resources */ = {
			isa = PBXGroup;
			children = (
				CA4D6E2128D4579B00004A3A /* AppDelegate.swift */,
				CA4D6E2328D4579B00004A3A /* SceneDelegate.swift */,
				CA01BD0728D8454D00B87F6C /* Extensions.swift */,
				CA08FF6428D96442003026B6 /* DatabaseManager.swift */,
				CA147BE828DC3B6A009F96E6 /* StorageManager.swift */,
			);
			path = Resources;
			sourceTree = "<group>";
		};
		CA4D6E3928D8160600004A3A /* Storyboards */ = {
			isa = PBXGroup;
			children = (
				CA4D6E2C28D457A200004A3A /* LaunchScreen.storyboard */,
				CA4D6E2728D4579B00004A3A /* Main.storyboard */,
			);
			path = Storyboards;
			sourceTree = "<group>";
		};
		D9C06BE7F71801F0BE1C9217 /* Pods */ = {
			isa = PBXGroup;
			children = (
				C430F7AA0608B15E1322FF16 /* Pods-Messenger.debug.xcconfig */,
				8D57AA53454F4E2387823098 /* Pods-Messenger.release.xcconfig */,
			);
			path = Pods;
			sourceTree = "<group>";
		};
/* End PBXGroup section */

/* Begin PBXNativeTarget section */
		CA4D6E1D28D4579B00004A3A /* Messenger */ = {
			isa = PBXNativeTarget;
			buildConfigurationList = CA4D6E3228D457A200004A3A /* Build configuration list for PBXNativeTarget "Messenger" */;
			buildPhases = (
				D96F533F4F91E3F5CF812608 /* [CP] Check Pods Manifest.lock */,
				CA4D6E1A28D4579B00004A3A /* Sources */,
				CA4D6E1B28D4579B00004A3A /* Frameworks */,
				CA4D6E1C28D4579B00004A3A /* Resources */,
				84CECCF6BD71D1EAFA4085E0 /* [CP] Embed Pods Frameworks */,
			);
			buildRules = (
			);
			dependencies = (
			);
			name = Messenger;
			productName = Messenger;
			productReference = CA4D6E1E28D4579B00004A3A /* Messenger.app */;
			productType = "com.apple.product-type.application";
		};
/* End PBXNativeTarget section */

/* Begin PBXProject section */
		CA4D6E1628D4579B00004A3A /* Project object */ = {
			isa = PBXProject;
			attributes = {
				BuildIndependentTargetsInParallel = 1;
				LastSwiftUpdateCheck = 1400;
				LastUpgradeCheck = 1400;
				TargetAttributes = {
					CA4D6E1D28D4579B00004A3A = {
						CreatedOnToolsVersion = 14.0;
					};
				};
			};
			buildConfigurationList = CA4D6E1928D4579B00004A3A /* Build configuration list for PBXProject "Messenger" */;
			compatibilityVersion = "Xcode 14.0";
			developmentRegion = en;
			hasScannedForEncodings = 0;
			knownRegions = (
				en,
				Base,
			);
			mainGroup = CA4D6E1528D4579B00004A3A;
			productRefGroup = CA4D6E1F28D4579B00004A3A /* Products */;
			projectDirPath = "";
			projectRoot = "";
			targets = (
				CA4D6E1D28D4579B00004A3A /* Messenger */,
			);
		};
/* End PBXProject section */

/* Begin PBXResourcesBuildPhase section */
		CA4D6E1C28D4579B00004A3A /* Resources */ = {
			isa = PBXResourcesBuildPhase;
			buildActionMask = 2147483647;
			files = (
				CA4D6E2E28D457A200004A3A /* LaunchScreen.storyboard in Resources */,
				CA8FCB1E28DAB4D700EEE4A7 /* GoogleService-Info.plist in Resources */,
				CA4D6E2B28D457A200004A3A /* Assets.xcassets in Resources */,
				CA4D6E2928D4579B00004A3A /* Main.storyboard in Resources */,
			);
			runOnlyForDeploymentPostprocessing = 0;
		};
/* End PBXResourcesBuildPhase section */

/* Begin PBXShellScriptBuildPhase section */
		84CECCF6BD71D1EAFA4085E0 /* [CP] Embed Pods Frameworks */ = {
			isa = PBXShellScriptBuildPhase;
			buildActionMask = 2147483647;
			files = (
			);
			inputFileListPaths = (
				"${PODS_ROOT}/Target Support Files/Pods-Messenger/Pods-Messenger-frameworks-${CONFIGURATION}-input-files.xcfilelist",
			);
			name = "[CP] Embed Pods Frameworks";
			outputFileListPaths = (
				"${PODS_ROOT}/Target Support Files/Pods-Messenger/Pods-Messenger-frameworks-${CONFIGURATION}-output-files.xcfilelist",
			);
			runOnlyForDeploymentPostprocessing = 0;
			shellPath = /bin/sh;
			shellScript = "\"${PODS_ROOT}/Target Support Files/Pods-Messenger/Pods-Messenger-frameworks.sh\"\n";
			showEnvVarsInLog = 0;
		};
		D96F533F4F91E3F5CF812608 /* [CP] Check Pods Manifest.lock */ = {
			isa = PBXShellScriptBuildPhase;
			buildActionMask = 2147483647;
			files = (
			);
			inputFileListPaths = (
			);
			inputPaths = (
				"${PODS_PODFILE_DIR_PATH}/Podfile.lock",
				"${PODS_ROOT}/Manifest.lock",
			);
			name = "[CP] Check Pods Manifest.lock";
			outputFileListPaths = (
			);
			outputPaths = (
				"$(DERIVED_FILE_DIR)/Pods-Messenger-checkManifestLockResult.txt",
			);
			runOnlyForDeploymentPostprocessing = 0;
			shellPath = /bin/sh;
			shellScript = "diff \"${PODS_PODFILE_DIR_PATH}/Podfile.lock\" \"${PODS_ROOT}/Manifest.lock\" > /dev/null\nif [ $? != 0 ] ; then\n    # print error to STDERR\n    echo \"error: The sandbox is not in sync with the Podfile.lock. Run 'pod install' or update your CocoaPods installation.\" >&2\n    exit 1\nfi\n# This output is used by Xcode 'outputs' to avoid re-running this script phase.\necho \"SUCCESS\" > \"${SCRIPT_OUTPUT_FILE_0}\"\n";
			showEnvVarsInLog = 0;
		};
/* End PBXShellScriptBuildPhase section */

/* Begin PBXSourcesBuildPhase section */
		CA4D6E1A28D4579B00004A3A /* Sources */ = {
			isa = PBXSourcesBuildPhase;
			buildActionMask = 2147483647;
			files = (
				CA01BCFD28D83FE200B87F6C /* LoginViewController.swift in Sources */,
				CA01BD0828D8454D00B87F6C /* Extensions.swift in Sources */,
				CA08FF6528D96442003026B6 /* DatabaseManager.swift in Sources */,
				CA01BCFF28D83FF000B87F6C /* RegisterViewController.swift in Sources */,
				CA4D6E2628D4579B00004A3A /* ConversationsViewController.swift in Sources */,
				CA01BD0328D8401100B87F6C /* VideoPlayerViewController.swift in Sources */,
				CA08FF6928D9799D003026B6 /* ProfileViewController.swift in Sources */,
				CA4D6E2228D4579B00004A3A /* AppDelegate.swift in Sources */,
				CA4D6E2428D4579B00004A3A /* SceneDelegate.swift in Sources */,
				CA01BD0528D8402800B87F6C /* NewConversationsViewController.swift in Sources */,
				CA94B14E28DC037600584CE4 /* ChatViewController.swift in Sources */,
				CA01BD0128D8400300B87F6C /* PhotoViewerViewController.swift in Sources */,
				CA147BE928DC3B6A009F96E6 /* StorageManager.swift in Sources */,
			);
			runOnlyForDeploymentPostprocessing = 0;
		};
/* End PBXSourcesBuildPhase section */

/* Begin PBXVariantGroup section */
		CA4D6E2728D4579B00004A3A /* Main.storyboard */ = {
			isa = PBXVariantGroup;
			children = (
				CA4D6E2828D4579B00004A3A /* Base */,
			);
			name = Main.storyboard;
			sourceTree = "<group>";
		};
		CA4D6E2C28D457A200004A3A /* LaunchScreen.storyboard */ = {
			isa = PBXVariantGroup;
			children = (
				CA4D6E2D28D457A200004A3A /* Base */,
			);
			name = LaunchScreen.storyboard;
			sourceTree = "<group>";
		};
/* End PBXVariantGroup section */

/* Begin XCBuildConfiguration section */
		CA4D6E3028D457A200004A3A /* Debug */ = {
			isa = XCBuildConfiguration;
			buildSettings = {
				ALWAYS_SEARCH_USER_PATHS = NO;
				CLANG_ANALYZER_NONNULL = YES;
				CLANG_ANALYZER_NUMBER_OBJECT_CONVERSION = YES_AGGRESSIVE;
				CLANG_CXX_LANGUAGE_STANDARD = "gnu++20";
				CLANG_ENABLE_MODULES = YES;
				CLANG_ENABLE_OBJC_ARC = YES;
				CLANG_ENABLE_OBJC_WEAK = YES;
				CLANG_WARN_BLOCK_CAPTURE_AUTORELEASING = YES;
				CLANG_WARN_BOOL_CONVERSION = YES;
				CLANG_WARN_COMMA = YES;
				CLANG_WARN_CONSTANT_CONVERSION = YES;
				CLANG_WARN_DEPRECATED_OBJC_IMPLEMENTATIONS = YES;
				CLANG_WARN_DIRECT_OBJC_ISA_USAGE = YES_ERROR;
				CLANG_WARN_DOCUMENTATION_COMMENTS = YES;
				CLANG_WARN_EMPTY_BODY = YES;
				CLANG_WARN_ENUM_CONVERSION = YES;
				CLANG_WARN_INFINITE_RECURSION = YES;
				CLANG_WARN_INT_CONVERSION = YES;
				CLANG_WARN_NON_LITERAL_NULL_CONVERSION = YES;
				CLANG_WARN_OBJC_IMPLICIT_RETAIN_SELF = YES;
				CLANG_WARN_OBJC_LITERAL_CONVERSION = YES;
				CLANG_WARN_OBJC_ROOT_CLASS = YES_ERROR;
				CLANG_WARN_QUOTED_INCLUDE_IN_FRAMEWORK_HEADER = YES;
				CLANG_WARN_RANGE_LOOP_ANALYSIS = YES;
				CLANG_WARN_STRICT_PROTOTYPES = YES;
				CLANG_WARN_SUSPICIOUS_MOVE = YES;
				CLANG_WARN_UNGUARDED_AVAILABILITY = YES_AGGRESSIVE;
				CLANG_WARN_UNREACHABLE_CODE = YES;
				CLANG_WARN__DUPLICATE_METHOD_MATCH = YES;
				COPY_PHASE_STRIP = NO;
				DEBUG_INFORMATION_FORMAT = dwarf;
				ENABLE_STRICT_OBJC_MSGSEND = YES;
				ENABLE_TESTABILITY = YES;
				GCC_C_LANGUAGE_STANDARD = gnu11;
				GCC_DYNAMIC_NO_PIC = NO;
				GCC_NO_COMMON_BLOCKS = YES;
				GCC_OPTIMIZATION_LEVEL = 0;
				GCC_PREPROCESSOR_DEFINITIONS = (
					"DEBUG=1",
					"$(inherited)",
				);
				GCC_WARN_64_TO_32_BIT_CONVERSION = YES;
				GCC_WARN_ABOUT_RETURN_TYPE = YES_ERROR;
				GCC_WARN_UNDECLARED_SELECTOR = YES;
				GCC_WARN_UNINITIALIZED_AUTOS = YES_AGGRESSIVE;
				GCC_WARN_UNUSED_FUNCTION = YES;
				GCC_WARN_UNUSED_VARIABLE = YES;
				IPHONEOS_DEPLOYMENT_TARGET = 13.0;
				MTL_ENABLE_DEBUG_INFO = INCLUDE_SOURCE;
				MTL_FAST_MATH = YES;
				ONLY_ACTIVE_ARCH = YES;
				SDKROOT = iphoneos;
				SWIFT_ACTIVE_COMPILATION_CONDITIONS = DEBUG;
				SWIFT_OPTIMIZATION_LEVEL = "-Onone";
			};
			name = Debug;
		};
		CA4D6E3128D457A200004A3A /* Release */ = {
			isa = XCBuildConfiguration;
			buildSettings = {
				ALWAYS_SEARCH_USER_PATHS = NO;
				CLANG_ANALYZER_NONNULL = YES;
				CLANG_ANALYZER_NUMBER_OBJECT_CONVERSION = YES_AGGRESSIVE;
				CLANG_CXX_LANGUAGE_STANDARD = "gnu++20";
				CLANG_ENABLE_MODULES = YES;
				CLANG_ENABLE_OBJC_ARC = YES;
				CLANG_ENABLE_OBJC_WEAK = YES;
				CLANG_WARN_BLOCK_CAPTURE_AUTORELEASING = YES;
				CLANG_WARN_BOOL_CONVERSION = YES;
				CLANG_WARN_COMMA = YES;
				CLANG_WARN_CONSTANT_CONVERSION = YES;
				CLANG_WARN_DEPRECATED_OBJC_IMPLEMENTATIONS = YES;
				CLANG_WARN_DIRECT_OBJC_ISA_USAGE = YES_ERROR;
				CLANG_WARN_DOCUMENTATION_COMMENTS = YES;
				CLANG_WARN_EMPTY_BODY = YES;
				CLANG_WARN_ENUM_CONVERSION = YES;
				CLANG_WARN_INFINITE_RECURSION = YES;
				CLANG_WARN_INT_CONVERSION = YES;
				CLANG_WARN_NON_LITERAL_NULL_CONVERSION = YES;
				CLANG_WARN_OBJC_IMPLICIT_RETAIN_SELF = YES;
				CLANG_WARN_OBJC_LITERAL_CONVERSION = YES;
				CLANG_WARN_OBJC_ROOT_CLASS = YES_ERROR;
				CLANG_WARN_QUOTED_INCLUDE_IN_FRAMEWORK_HEADER = YES;
				CLANG_WARN_RANGE_LOOP_ANALYSIS = YES;
				CLANG_WARN_STRICT_PROTOTYPES = YES;
				CLANG_WARN_SUSPICIOUS_MOVE = YES;
				CLANG_WARN_UNGUARDED_AVAILABILITY = YES_AGGRESSIVE;
				CLANG_WARN_UNREACHABLE_CODE = YES;
				CLANG_WARN__DUPLICATE_METHOD_MATCH = YES;
				COPY_PHASE_STRIP = NO;
				DEBUG_INFORMATION_FORMAT = "dwarf-with-dsym";
				ENABLE_NS_ASSERTIONS = NO;
				ENABLE_STRICT_OBJC_MSGSEND = YES;
				GCC_C_LANGUAGE_STANDARD = gnu11;
				GCC_NO_COMMON_BLOCKS = YES;
				GCC_WARN_64_TO_32_BIT_CONVERSION = YES;
				GCC_WARN_ABOUT_RETURN_TYPE = YES_ERROR;
				GCC_WARN_UNDECLARED_SELECTOR = YES;
				GCC_WARN_UNINITIALIZED_AUTOS = YES_AGGRESSIVE;
				GCC_WARN_UNUSED_FUNCTION = YES;
				GCC_WARN_UNUSED_VARIABLE = YES;
				IPHONEOS_DEPLOYMENT_TARGET = 13.0;
				MTL_ENABLE_DEBUG_INFO = NO;
				MTL_FAST_MATH = YES;
				SDKROOT = iphoneos;
				SWIFT_COMPILATION_MODE = wholemodule;
				SWIFT_OPTIMIZATION_LEVEL = "-O";
				VALIDATE_PRODUCT = YES;
			};
			name = Release;
		};
		CA4D6E3328D457A200004A3A /* Debug */ = {
			isa = XCBuildConfiguration;
			baseConfigurationReference = C430F7AA0608B15E1322FF16 /* Pods-Messenger.debug.xcconfig */;
			buildSettings = {
				ASSETCATALOG_COMPILER_APPICON_NAME = AppIcon;
				ASSETCATALOG_COMPILER_GLOBAL_ACCENT_COLOR_NAME = AccentColor;
				CODE_SIGN_ENTITLEMENTS = Messenger/Messenger.entitlements;
				CODE_SIGN_STYLE = Automatic;
				CURRENT_PROJECT_VERSION = 1;
				DEVELOPMENT_TEAM = YNN6GD8QCU;
				GENERATE_INFOPLIST_FILE = YES;
				INFOPLIST_FILE = Messenger/Info.plist;
				INFOPLIST_KEY_CFBundleDisplayName = Messenger;
				INFOPLIST_KEY_NSCameraUsageDescription = "Please allow access to take a profile picture";
				INFOPLIST_KEY_NSPhotoLibraryAddUsageDescription = "Please allow access to select a photo for your profile";
				INFOPLIST_KEY_UIApplicationSupportsIndirectInputEvents = YES;
				INFOPLIST_KEY_UILaunchStoryboardName = LaunchScreen.storyboard;
				INFOPLIST_KEY_UIMainStoryboardFile = Main;
				INFOPLIST_KEY_UISupportedInterfaceOrientations = UIInterfaceOrientationPortrait;
				INFOPLIST_KEY_UISupportedInterfaceOrientations_iPad = UIInterfaceOrientationPortrait;
				IPHONEOS_DEPLOYMENT_TARGET = 13.0;
				LD_RUNPATH_SEARCH_PATHS = (
					"$(inherited)",
					"@executable_path/Frameworks",
				);
				MARKETING_VERSION = 1.0;
				PRODUCT_BUNDLE_IDENTIFIER = com.mukito.Messenger;
				PRODUCT_NAME = "$(TARGET_NAME)";
				SWIFT_EMIT_LOC_STRINGS = YES;
				SWIFT_VERSION = 5.0;
				TARGETED_DEVICE_FAMILY = "1,2";
			};
			name = Debug;
		};
		CA4D6E3428D457A200004A3A /* Release */ = {
			isa = XCBuildConfiguration;
			baseConfigurationReference = 8D57AA53454F4E2387823098 /* Pods-Messenger.release.xcconfig */;
			buildSettings = {
				ASSETCATALOG_COMPILER_APPICON_NAME = AppIcon;
				ASSETCATALOG_COMPILER_GLOBAL_ACCENT_COLOR_NAME = AccentColor;
				CODE_SIGN_ENTITLEMENTS = Messenger/Messenger.entitlements;
				CODE_SIGN_STYLE = Automatic;
				CURRENT_PROJECT_VERSION = 1;
				DEVELOPMENT_TEAM = YNN6GD8QCU;
				GENERATE_INFOPLIST_FILE = YES;
				INFOPLIST_FILE = Messenger/Info.plist;
				INFOPLIST_KEY_CFBundleDisplayName = Messenger;
				INFOPLIST_KEY_NSCameraUsageDescription = "Please allow access to take a profile picture";
				INFOPLIST_KEY_NSPhotoLibraryAddUsageDescription = "Please allow access to select a photo for your profile";
				INFOPLIST_KEY_UIApplicationSupportsIndirectInputEvents = YES;
				INFOPLIST_KEY_UILaunchStoryboardName = LaunchScreen.storyboard;
				INFOPLIST_KEY_UIMainStoryboardFile = Main;
				INFOPLIST_KEY_UISupportedInterfaceOrientations = UIInterfaceOrientationPortrait;
				INFOPLIST_KEY_UISupportedInterfaceOrientations_iPad = UIInterfaceOrientationPortrait;
				IPHONEOS_DEPLOYMENT_TARGET = 13.0;
				LD_RUNPATH_SEARCH_PATHS = (
					"$(inherited)",
					"@executable_path/Frameworks",
				);
				MARKETING_VERSION = 1.0;
				PRODUCT_BUNDLE_IDENTIFIER = com.mukito.Messenger;
				PRODUCT_NAME = "$(TARGET_NAME)";
				SWIFT_EMIT_LOC_STRINGS = YES;
				SWIFT_VERSION = 5.0;
				TARGETED_DEVICE_FAMILY = "1,2";
			};
			name = Release;
		};
/* End XCBuildConfiguration section */

/* Begin XCConfigurationList section */
		CA4D6E1928D4579B00004A3A /* Build configuration list for PBXProject "Messenger" */ = {
			isa = XCConfigurationList;
			buildConfigurations = (
				CA4D6E3028D457A200004A3A /* Debug */,
				CA4D6E3128D457A200004A3A /* Release */,
			);
			defaultConfigurationIsVisible = 0;
			defaultConfigurationName = Release;
		};
		CA4D6E3228D457A200004A3A /* Build configuration list for PBXNativeTarget "Messenger" */ = {
			isa = XCConfigurationList;
			buildConfigurations = (
				CA4D6E3328D457A200004A3A /* Debug */,
				CA4D6E3428D457A200004A3A /* Release */,
			);
			defaultConfigurationIsVisible = 0;
			defaultConfigurationName = Release;
		};
/* End XCConfigurationList section */
	};
	rootObject = CA4D6E1628D4579B00004A3A /* Project object */;
}
